
Microsoft Visual Studio Solution File, Format Version 12.00
# Visual Studio Version 17
VisualStudioVersion = 17.3.32819.101
MinimumVisualStudioVersion = 10.0.40219.1
Project("{888888A0-9F3D-457C-B088-3A5042F75D52}") = "Kap 5 uppgift 1 a", "Kap 5 uppgift 1 a\Kap 5 uppgift 1 a.pyproj", "{E1FA1662-B26C-4E3D-A7BC-E9FD280C818B}"
EndProject
Global
	GlobalSection(SolutionConfigurationPlatforms) = preSolution
		Debug|Any CPU = Debug|Any CPU
		Release|Any CPU = Release|Any CPU
	EndGlobalSection
	GlobalSection(ProjectConfigurationPlatforms) = postSolution
		{E1FA1662-B26C-4E3D-A7BC-E9FD280C818B}.Debug|Any CPU.ActiveCfg = Debug|Any CPU
		{E1FA1662-B26C-4E3D-A7BC-E9FD280C818B}.Release|Any CPU.ActiveCfg = Release|Any CPU
	EndGlobalSection
	GlobalSection(SolutionProperties) = preSolution
		HideSolutionNode = FALSE
	EndGlobalSection
	GlobalSection(ExtensibilityGlobals) = postSolution
		SolutionGuid = {D678AECC-265F-4381-9D83-E659A75B3DAD}
	EndGlobalSection
EndGlobal
